
Microsoft Visual Studio Solution File, Format Version 12.00
# Visual Studio 15
VisualStudioVersion = 15.0.28307.136
MinimumVisualStudioVersion = 10.0.40219.1
Project("{FAE04EC0-301F-11D3-BF4B-00C04F79EFBC}") = "SolidViolation", "SolidViolation\SolidViolation.csproj", "{123EBC4E-8714-45E6-8689-42D1424D6478}"
EndProject
Global
	GlobalSection(SolutionConfigurationPlatforms) = preSolution
		Debug|Any CPU = Debug|Any CPU
		Release|Any CPU = Release|Any CPU
	EndGlobalSection
	GlobalSection(ProjectConfigurationPlatforms) = postSolution
		{123EBC4E-8714-45E6-8689-42D1424D6478}.Debug|Any CPU.ActiveCfg = Debug|Any CPU
		{123EBC4E-8714-45E6-8689-42D1424D6478}.Debug|Any CPU.Build.0 = Debug|Any CPU
		{123EBC4E-8714-45E6-8689-42D1424D6478}.Release|Any CPU.ActiveCfg = Release|Any CPU
		{123EBC4E-8714-45E6-8689-42D1424D6478}.Release|Any CPU.Build.0 = Release|Any CPU
	EndGlobalSection
	GlobalSection(SolutionProperties) = preSolution
		HideSolutionNode = FALSE
	EndGlobalSection
	GlobalSection(ExtensibilityGlobals) = postSolution
		SolutionGuid = {5B7F80C9-6AEC-4964-A49B-95A98A0D7B29}
	EndGlobalSection
EndGlobal
